
Microsoft Visual Studio Solution File, Format Version 12.00
# Visual Studio 15
VisualStudioVersion = 15.0.27703.2042
MinimumVisualStudioVersion = 10.0.40219.1
Project("{FAE04EC0-301F-11D3-BF4B-00C04F79EFBC}") = "Adaline", "Adaline\Adaline.csproj", "{4D1AB223-01AB-4612-9DAB-3192336F10BA}"
EndProject
Global
	GlobalSection(SolutionConfigurationPlatforms) = preSolution
		Debug|Any CPU = Debug|Any CPU
		Release|Any CPU = Release|Any CPU
	EndGlobalSection
	GlobalSection(ProjectConfigurationPlatforms) = postSolution
		{4D1AB223-01AB-4612-9DAB-3192336F10BA}.Debug|Any CPU.ActiveCfg = Debug|Any CPU
		{4D1AB223-01AB-4612-9DAB-3192336F10BA}.Debug|Any CPU.Build.0 = Debug|Any CPU
		{4D1AB223-01AB-4612-9DAB-3192336F10BA}.Release|Any CPU.ActiveCfg = Release|Any CPU
		{4D1AB223-01AB-4612-9DAB-3192336F10BA}.Release|Any CPU.Build.0 = Release|Any CPU
	EndGlobalSection
	GlobalSection(SolutionProperties) = preSolution
		HideSolutionNode = FALSE
	EndGlobalSection
	GlobalSection(ExtensibilityGlobals) = postSolution
		SolutionGuid = {6EFE595E-EF1F-4C60-9FF3-3DA24534372C}
	EndGlobalSection
EndGlobal
